// !$*UTF8*$!
{
	archiveVersion = 1;
	classes = {
	};
	objectVersion = 46;
	objects = {

/* Begin PBXBuildFile section */
		ABDCA7771DC3CD6D0082CBDE /* AppDelegate.swift in Sources */ = {isa = PBXBuildFile; fileRef = ABDCA7761DC3CD6D0082CBDE /* AppDelegate.swift */; };
		ABDCA7791DC3CD6D0082CBDE /* CauseViewController.swift in Sources */ = {isa = PBXBuildFile; fileRef = ABDCA7781DC3CD6D0082CBDE /* CauseViewController.swift */; };
		ABDCA77C1DC3CD6D0082CBDE /* Main.storyboard in Resources */ = {isa = PBXBuildFile; fileRef = ABDCA77A1DC3CD6D0082CBDE /* Main.storyboard */; };
		ABDCA77E1DC3CD6D0082CBDE /* Assets.xcassets in Resources */ = {isa = PBXBuildFile; fileRef = ABDCA77D1DC3CD6D0082CBDE /* Assets.xcassets */; };
		ABDCA7811DC3CD6D0082CBDE /* LaunchScreen.storyboard in Resources */ = {isa = PBXBuildFile; fileRef = ABDCA77F1DC3CD6D0082CBDE /* LaunchScreen.storyboard */; };
		ABDCA7891DC3E0E70082CBDE /* Cause.swift in Sources */ = {isa = PBXBuildFile; fileRef = ABDCA7881DC3E0E70082CBDE /* Cause.swift */; };
		ABDCA78B1DC3E1330082CBDE /* User.swift in Sources */ = {isa = PBXBuildFile; fileRef = ABDCA78A1DC3E1330082CBDE /* User.swift */; };
		ABDCA78E1DC3E2C00082CBDE /* TableViewController.swift in Sources */ = {isa = PBXBuildFile; fileRef = ABDCA78D1DC3E2C00082CBDE /* TableViewController.swift */; };
		ABDCA7901DC3E33A0082CBDE /* CauseCell.swift in Sources */ = {isa = PBXBuildFile; fileRef = ABDCA78F1DC3E33A0082CBDE /* CauseCell.swift */; };
		DEBD3CFB1787A78831AD9623 /* Pods_GAHack_Team4_iOS.framework in Frameworks */ = {isa = PBXBuildFile; fileRef = 46C97DBB8FCCB108CB503322 /* Pods_GAHack_Team4_iOS.framework */; };
/* End PBXBuildFile section */

/* Begin PBXFileReference section */
		3E33ED43777C25DD2E5822AE /* Pods-GAHack-Team4-iOS.debug.xcconfig */ = {isa = PBXFileReference; includeInIndex = 1; lastKnownFileType = text.xcconfig; name = "Pods-GAHack-Team4-iOS.debug.xcconfig"; path = "Pods/Target Support Files/Pods-GAHack-Team4-iOS/Pods-GAHack-Team4-iOS.debug.xcconfig"; sourceTree = "<group>"; };
		46C97DBB8FCCB108CB503322 /* Pods_GAHack_Team4_iOS.framework */ = {isa = PBXFileReference; explicitFileType = wrapper.framework; includeInIndex = 0; path = Pods_GAHack_Team4_iOS.framework; sourceTree = BUILT_PRODUCTS_DIR; };
		ABDCA7731DC3CD6D0082CBDE /* GAHack-Team4-iOS.app */ = {isa = PBXFileReference; explicitFileType = wrapper.application; includeInIndex = 0; path = "GAHack-Team4-iOS.app"; sourceTree = BUILT_PRODUCTS_DIR; };
		ABDCA7761DC3CD6D0082CBDE /* AppDelegate.swift */ = {isa = PBXFileReference; lastKnownFileType = sourcecode.swift; path = AppDelegate.swift; sourceTree = "<group>"; };
		ABDCA7781DC3CD6D0082CBDE /* CauseViewController.swift */ = {isa = PBXFileReference; lastKnownFileType = sourcecode.swift; path = CauseViewController.swift; sourceTree = "<group>"; };
		ABDCA77B1DC3CD6D0082CBDE /* Base */ = {isa = PBXFileReference; lastKnownFileType = file.storyboard; name = Base; path = Base.lproj/Main.storyboard; sourceTree = "<group>"; };
		ABDCA77D1DC3CD6D0082CBDE /* Assets.xcassets */ = {isa = PBXFileReference; lastKnownFileType = folder.assetcatalog; path = Assets.xcassets; sourceTree = "<group>"; };
		ABDCA7801DC3CD6D0082CBDE /* Base */ = {isa = PBXFileReference; lastKnownFileType = file.storyboard; name = Base; path = Base.lproj/LaunchScreen.storyboard; sourceTree = "<group>"; };
		ABDCA7821DC3CD6D0082CBDE /* Info.plist */ = {isa = PBXFileReference; lastKnownFileType = text.plist.xml; path = Info.plist; sourceTree = "<group>"; };
		ABDCA7881DC3E0E70082CBDE /* Cause.swift */ = {isa = PBXFileReference; fileEncoding = 4; lastKnownFileType = sourcecode.swift; path = Cause.swift; sourceTree = "<group>"; };
		ABDCA78A1DC3E1330082CBDE /* User.swift */ = {isa = PBXFileReference; fileEncoding = 4; lastKnownFileType = sourcecode.swift; path = User.swift; sourceTree = "<group>"; };
		ABDCA78D1DC3E2C00082CBDE /* TableViewController.swift */ = {isa = PBXFileReference; fileEncoding = 4; lastKnownFileType = sourcecode.swift; path = TableViewController.swift; sourceTree = "<group>"; };
		ABDCA78F1DC3E33A0082CBDE /* CauseCell.swift */ = {isa = PBXFileReference; fileEncoding = 4; lastKnownFileType = sourcecode.swift; path = CauseCell.swift; sourceTree = "<group>"; };
		D67274A3E80067554361F5FF /* Pods-GAHack-Team4-iOS.release.xcconfig */ = {isa = PBXFileReference; includeInIndex = 1; lastKnownFileType = text.xcconfig; name = "Pods-GAHack-Team4-iOS.release.xcconfig"; path = "Pods/Target Support Files/Pods-GAHack-Team4-iOS/Pods-GAHack-Team4-iOS.release.xcconfig"; sourceTree = "<group>"; };
/* End PBXFileReference section */

/* Begin PBXFrameworksBuildPhase section */
		ABDCA7701DC3CD6D0082CBDE /* Frameworks */ = {
			isa = PBXFrameworksBuildPhase;
			buildActionMask = 2147483647;
			files = (
				DEBD3CFB1787A78831AD9623 /* Pods_GAHack_Team4_iOS.framework in Frameworks */,
			);
			runOnlyForDeploymentPostprocessing = 0;
		};
/* End PBXFrameworksBuildPhase section */

/* Begin PBXGroup section */
		9456E68F7D7518CE618E57A0 /* Frameworks */ = {
			isa = PBXGroup;
			children = (
				46C97DBB8FCCB108CB503322 /* Pods_GAHack_Team4_iOS.framework */,
			);
			name = Frameworks;
			sourceTree = "<group>";
		};
		ABDCA76A1DC3CD6D0082CBDE = {
			isa = PBXGroup;
			children = (
				ABDCA7751DC3CD6D0082CBDE /* GAHack-Team4-iOS */,
				ABDCA7741DC3CD6D0082CBDE /* Products */,
				EA448E94BDE74BB416BCABF1 /* Pods */,
				9456E68F7D7518CE618E57A0 /* Frameworks */,
			);
			sourceTree = "<group>";
		};
		ABDCA7741DC3CD6D0082CBDE /* Products */ = {
			isa = PBXGroup;
			children = (
				ABDCA7731DC3CD6D0082CBDE /* GAHack-Team4-iOS.app */,
			);
			name = Products;
			sourceTree = "<group>";
		};
		ABDCA7751DC3CD6D0082CBDE /* GAHack-Team4-iOS */ = {
			isa = PBXGroup;
			children = (
				ABDCA7761DC3CD6D0082CBDE /* AppDelegate.swift */,
				ABDCA7781DC3CD6D0082CBDE /* CauseViewController.swift */,
				ABDCA77A1DC3CD6D0082CBDE /* Main.storyboard */,
				ABDCA77D1DC3CD6D0082CBDE /* Assets.xcassets */,
				ABDCA77F1DC3CD6D0082CBDE /* LaunchScreen.storyboard */,
				ABDCA7821DC3CD6D0082CBDE /* Info.plist */,
				ABDCA78C1DC3E16B0082CBDE /* Models */,
				ABDCA78D1DC3E2C00082CBDE /* TableViewController.swift */,
				ABDCA78F1DC3E33A0082CBDE /* CauseCell.swift */,
			);
			path = "GAHack-Team4-iOS";
			sourceTree = "<group>";
		};
		ABDCA78C1DC3E16B0082CBDE /* Models */ = {
			isa = PBXGroup;
			children = (
				ABDCA7881DC3E0E70082CBDE /* Cause.swift */,
				ABDCA78A1DC3E1330082CBDE /* User.swift */,
			);
			name = Models;
			sourceTree = "<group>";
		};
		EA448E94BDE74BB416BCABF1 /* Pods */ = {
			isa = PBXGroup;
			children = (
				3E33ED43777C25DD2E5822AE /* Pods-GAHack-Team4-iOS.debug.xcconfig */,
				D67274A3E80067554361F5FF /* Pods-GAHack-Team4-iOS.release.xcconfig */,
			);
			name = Pods;
			sourceTree = "<group>";
		};
/* End PBXGroup section */

/* Begin PBXNativeTarget section */
		ABDCA7721DC3CD6D0082CBDE /* GAHack-Team4-iOS */ = {
			isa = PBXNativeTarget;
			buildConfigurationList = ABDCA7851DC3CD6D0082CBDE /* Build configuration list for PBXNativeTarget "GAHack-Team4-iOS" */;
			buildPhases = (
				95FA02735173931FFDA816E9 /* [CP] Check Pods Manifest.lock */,
				ABDCA76F1DC3CD6D0082CBDE /* Sources */,
				ABDCA7701DC3CD6D0082CBDE /* Frameworks */,
				ABDCA7711DC3CD6D0082CBDE /* Resources */,
				79BFFDB97919385DA36B1E8B /* [CP] Embed Pods Frameworks */,
				7316EFB0A8CFEDEA4A25DD95 /* [CP] Copy Pods Resources */,
			);
			buildRules = (
			);
			dependencies = (
			);
			name = "GAHack-Team4-iOS";
			productName = "GAHack-Team4-iOS";
			productReference = ABDCA7731DC3CD6D0082CBDE /* GAHack-Team4-iOS.app */;
			productType = "com.apple.product-type.application";
		};
/* End PBXNativeTarget section */

/* Begin PBXProject section */
		ABDCA76B1DC3CD6D0082CBDE /* Project object */ = {
			isa = PBXProject;
			attributes = {
				LastSwiftUpdateCheck = 0800;
				LastUpgradeCheck = 0800;
				ORGANIZATIONNAME = "Maz Labs";
				TargetAttributes = {
					ABDCA7721DC3CD6D0082CBDE = {
						CreatedOnToolsVersion = 8.0;
						DevelopmentTeam = JS9SEB342A;
						ProvisioningStyle = Automatic;
					};
				};
			};
			buildConfigurationList = ABDCA76E1DC3CD6D0082CBDE /* Build configuration list for PBXProject "GAHack-Team4-iOS" */;
			compatibilityVersion = "Xcode 3.2";
			developmentRegion = English;
			hasScannedForEncodings = 0;
			knownRegions = (
				en,
				Base,
			);
			mainGroup = ABDCA76A1DC3CD6D0082CBDE;
			productRefGroup = ABDCA7741DC3CD6D0082CBDE /* Products */;
			projectDirPath = "";
			projectRoot = "";
			targets = (
				ABDCA7721DC3CD6D0082CBDE /* GAHack-Team4-iOS */,
			);
		};
/* End PBXProject section */

/* Begin PBXResourcesBuildPhase section */
		ABDCA7711DC3CD6D0082CBDE /* Resources */ = {
			isa = PBXResourcesBuildPhase;
			buildActionMask = 2147483647;
			files = (
				ABDCA7811DC3CD6D0082CBDE /* LaunchScreen.storyboard in Resources */,
				ABDCA77E1DC3CD6D0082CBDE /* Assets.xcassets in Resources */,
				ABDCA77C1DC3CD6D0082CBDE /* Main.storyboard in Resources */,
			);
			runOnlyForDeploymentPostprocessing = 0;
		};
/* End PBXResourcesBuildPhase section */

/* Begin PBXShellScriptBuildPhase section */
		7316EFB0A8CFEDEA4A25DD95 /* [CP] Copy Pods Resources */ = {
			isa = PBXShellScriptBuildPhase;
			buildActionMask = 2147483647;
			files = (
			);
			inputPaths = (
			);
			name = "[CP] Copy Pods Resources";
			outputPaths = (
			);
			runOnlyForDeploymentPostprocessing = 0;
			shellPath = /bin/sh;
			shellScript = "\"${SRCROOT}/Pods/Target Support Files/Pods-GAHack-Team4-iOS/Pods-GAHack-Team4-iOS-resources.sh\"\n";
			showEnvVarsInLog = 0;
		};
		79BFFDB97919385DA36B1E8B /* [CP] Embed Pods Frameworks */ = {
			isa = PBXShellScriptBuildPhase;
			buildActionMask = 2147483647;
			files = (
			);
			inputPaths = (
			);
			name = "[CP] Embed Pods Frameworks";
			outputPaths = (
			);
			runOnlyForDeploymentPostprocessing = 0;
			shellPath = /bin/sh;
			shellScript = "\"${SRCROOT}/Pods/Target Support Files/Pods-GAHack-Team4-iOS/Pods-GAHack-Team4-iOS-frameworks.sh\"\n";
			showEnvVarsInLog = 0;
		};
		95FA02735173931FFDA816E9 /* [CP] Check Pods Manifest.lock */ = {
			isa = PBXShellScriptBuildPhase;
			buildActionMask = 2147483647;
			files = (
			);
			inputPaths = (
			);
			name = "[CP] Check Pods Manifest.lock";
			outputPaths = (
			);
			runOnlyForDeploymentPostprocessing = 0;
			shellPath = /bin/sh;
			shellScript = "diff \"${PODS_ROOT}/../Podfile.lock\" \"${PODS_ROOT}/Manifest.lock\" > /dev/null\nif [ $? != 0 ] ; then\n    # print error to STDERR\n    echo \"error: The sandbox is not in sync with the Podfile.lock. Run 'pod install' or update your CocoaPods installation.\" >&2\n    exit 1\nfi\n";
			showEnvVarsInLog = 0;
		};
/* End PBXShellScriptBuildPhase section */

/* Begin PBXSourcesBuildPhase section */
		ABDCA76F1DC3CD6D0082CBDE /* Sources */ = {
			isa = PBXSourcesBuildPhase;
			buildActionMask = 2147483647;
			files = (
				ABDCA78B1DC3E1330082CBDE /* User.swift in Sources */,
				ABDCA7791DC3CD6D0082CBDE /* CauseViewController.swift in Sources */,
				ABDCA7771DC3CD6D0082CBDE /* AppDelegate.swift in Sources */,
				ABDCA7901DC3E33A0082CBDE /* CauseCell.swift in Sources */,
				ABDCA78E1DC3E2C00082CBDE /* TableViewController.swift in Sources */,
				ABDCA7891DC3E0E70082CBDE /* Cause.swift in Sources */,
			);
			runOnlyForDeploymentPostprocessing = 0;
		};
/* End PBXSourcesBuildPhase section */

/* Begin PBXVariantGroup section */
		ABDCA77A1DC3CD6D0082CBDE /* Main.storyboard */ = {
			isa = PBXVariantGroup;
			children = (
				ABDCA77B1DC3CD6D0082CBDE /* Base */,
			);
			name = Main.storyboard;
			sourceTree = "<group>";
		};
		ABDCA77F1DC3CD6D0082CBDE /* LaunchScreen.storyboard */ = {
			isa = PBXVariantGroup;
			children = (
				ABDCA7801DC3CD6D0082CBDE /* Base */,
			);
			name = LaunchScreen.storyboard;
			sourceTree = "<group>";
		};
/* End PBXVariantGroup section */

/* Begin XCBuildConfiguration section */
		ABDCA7831DC3CD6D0082CBDE /* Debug */ = {
			isa = XCBuildConfiguration;
			buildSettings = {
				ALWAYS_SEARCH_USER_PATHS = NO;
				CLANG_ANALYZER_NONNULL = YES;
				CLANG_CXX_LANGUAGE_STANDARD = "gnu++0x";
				CLANG_CXX_LIBRARY = "libc++";
				CLANG_ENABLE_MODULES = YES;
				CLANG_ENABLE_OBJC_ARC = YES;
				CLANG_WARN_BOOL_CONVERSION = YES;
				CLANG_WARN_CONSTANT_CONVERSION = YES;
				CLANG_WARN_DIRECT_OBJC_ISA_USAGE = YES_ERROR;
				CLANG_WARN_DOCUMENTATION_COMMENTS = YES;
				CLANG_WARN_EMPTY_BODY = YES;
				CLANG_WARN_ENUM_CONVERSION = YES;
				CLANG_WARN_INFINITE_RECURSION = YES;
				CLANG_WARN_INT_CONVERSION = YES;
				CLANG_WARN_OBJC_ROOT_CLASS = YES_ERROR;
				CLANG_WARN_SUSPICIOUS_MOVES = YES;
				CLANG_WARN_UNREACHABLE_CODE = YES;
				CLANG_WARN__DUPLICATE_METHOD_MATCH = YES;
				"CODE_SIGN_IDENTITY[sdk=iphoneos*]" = "iPhone Developer";
				COPY_PHASE_STRIP = NO;
				DEBUG_INFORMATION_FORMAT = dwarf;
				ENABLE_STRICT_OBJC_MSGSEND = YES;
				ENABLE_TESTABILITY = YES;
				GCC_C_LANGUAGE_STANDARD = gnu99;
				GCC_DYNAMIC_NO_PIC = NO;
				GCC_NO_COMMON_BLOCKS = YES;
				GCC_OPTIMIZATION_LEVEL = 0;
				GCC_PREPROCESSOR_DEFINITIONS = (
					"DEBUG=1",
					"$(inherited)",
				);
				GCC_WARN_64_TO_32_BIT_CONVERSION = YES;
				GCC_WARN_ABOUT_RETURN_TYPE = YES_ERROR;
				GCC_WARN_UNDECLARED_SELECTOR = YES;
				GCC_WARN_UNINITIALIZED_AUTOS = YES_AGGRESSIVE;
				GCC_WARN_UNUSED_FUNCTION = YES;
				GCC_WARN_UNUSED_VARIABLE = YES;
				IPHONEOS_DEPLOYMENT_TARGET = 10.0;
				MTL_ENABLE_DEBUG_INFO = YES;
				ONLY_ACTIVE_ARCH = YES;
				SDKROOT = iphoneos;
				SWIFT_ACTIVE_COMPILATION_CONDITIONS = DEBUG;
				SWIFT_OPTIMIZATION_LEVEL = "-Onone";
				TARGETED_DEVICE_FAMILY = "1,2";
			};
			name = Debug;
		};
		ABDCA7841DC3CD6D0082CBDE /* Release */ = {
			isa = XCBuildConfiguration;
			buildSettings = {
				ALWAYS_SEARCH_USER_PATHS = NO;
				CLANG_ANALYZER_NONNULL = YES;
				CLANG_CXX_LANGUAGE_STANDARD = "gnu++0x";
				CLANG_CXX_LIBRARY = "libc++";
				CLANG_ENABLE_MODULES = YES;
				CLANG_ENABLE_OBJC_ARC = YES;
				CLANG_WARN_BOOL_CONVERSION = YES;
				CLANG_WARN_CONSTANT_CONVERSION = YES;
				CLANG_WARN_DIRECT_OBJC_ISA_USAGE = YES_ERROR;
				CLANG_WARN_DOCUMENTATION_COMMENTS = YES;
				CLANG_WARN_EMPTY_BODY = YES;
				CLANG_WARN_ENUM_CONVERSION = YES;
				CLANG_WARN_INFINITE_RECURSION = YES;
				CLANG_WARN_INT_CONVERSION = YES;
				CLANG_WARN_OBJC_ROOT_CLASS = YES_ERROR;
				CLANG_WARN_SUSPICIOUS_MOVES = YES;
				CLANG_WARN_UNREACHABLE_CODE = YES;
				CLANG_WARN__DUPLICATE_METHOD_MATCH = YES;
				"CODE_SIGN_IDENTITY[sdk=iphoneos*]" = "iPhone Developer";
				COPY_PHASE_STRIP = NO;
				DEBUG_INFORMATION_FORMAT = "dwarf-with-dsym";
				ENABLE_NS_ASSERTIONS = NO;
				ENABLE_STRICT_OBJC_MSGSEND = YES;
				GCC_C_LANGUAGE_STANDARD = gnu99;
				GCC_NO_COMMON_BLOCKS = YES;
				GCC_WARN_64_TO_32_BIT_CONVERSION = YES;
				GCC_WARN_ABOUT_RETURN_TYPE = YES_ERROR;
				GCC_WARN_UNDECLARED_SELECTOR = YES;
				GCC_WARN_UNINITIALIZED_AUTOS = YES_AGGRESSIVE;
				GCC_WARN_UNUSED_FUNCTION = YES;
				GCC_WARN_UNUSED_VARIABLE = YES;
				IPHONEOS_DEPLOYMENT_TARGET = 10.0;
				MTL_ENABLE_DEBUG_INFO = NO;
				SDKROOT = iphoneos;
				SWIFT_OPTIMIZATION_LEVEL = "-Owholemodule";
				TARGETED_DEVICE_FAMILY = "1,2";
				VALIDATE_PRODUCT = YES;
			};
			name = Release;
		};
		ABDCA7861DC3CD6D0082CBDE /* Debug */ = {
			isa = XCBuildConfiguration;
			baseConfigurationReference = 3E33ED43777C25DD2E5822AE /* Pods-GAHack-Team4-iOS.debug.xcconfig */;
			buildSettings = {
				ASSETCATALOG_COMPILER_APPICON_NAME = AppIcon;
				DEVELOPMENT_TEAM = JS9SEB342A;
				INFOPLIST_FILE = "GAHack-Team4-iOS/Info.plist";
				LD_RUNPATH_SEARCH_PATHS = "$(inherited) @executable_path/Frameworks";
				PRODUCT_BUNDLE_IDENTIFIER = "com.mazlabs.GAHack-Team4-iOS";
				PRODUCT_NAME = "$(TARGET_NAME)";
				SWIFT_VERSION = 3.0;
			};
			name = Debug;
		};
		ABDCA7871DC3CD6D0082CBDE /* Release */ = {
			isa = XCBuildConfiguration;
			baseConfigurationReference = D67274A3E80067554361F5FF /* Pods-GAHack-Team4-iOS.release.xcconfig */;
			buildSettings = {
				ASSETCATALOG_COMPILER_APPICON_NAME = AppIcon;
				DEVELOPMENT_TEAM = JS9SEB342A;
				INFOPLIST_FILE = "GAHack-Team4-iOS/Info.plist";
				LD_RUNPATH_SEARCH_PATHS = "$(inherited) @executable_path/Frameworks";
				PRODUCT_BUNDLE_IDENTIFIER = "com.mazlabs.GAHack-Team4-iOS";
				PRODUCT_NAME = "$(TARGET_NAME)";
				SWIFT_VERSION = 3.0;
			};
			name = Release;
		};
/* End XCBuildConfiguration section */

/* Begin XCConfigurationList section */
		ABDCA76E1DC3CD6D0082CBDE /* Build configuration list for PBXProject "GAHack-Team4-iOS" */ = {
			isa = XCConfigurationList;
			buildConfigurations = (
				ABDCA7831DC3CD6D0082CBDE /* Debug */,
				ABDCA7841DC3CD6D0082CBDE /* Release */,
			);
			defaultConfigurationIsVisible = 0;
			defaultConfigurationName = Release;
		};
		ABDCA7851DC3CD6D0082CBDE /* Build configuration list for PBXNativeTarget "GAHack-Team4-iOS" */ = {
			isa = XCConfigurationList;
			buildConfigurations = (
				ABDCA7861DC3CD6D0082CBDE /* Debug */,
				ABDCA7871DC3CD6D0082CBDE /* Release */,
			);
			defaultConfigurationIsVisible = 0;
			defaultConfigurationName = Release;
		};
/* End XCConfigurationList section */
	};
	rootObject = ABDCA76B1DC3CD6D0082CBDE /* Project object */;
}
